
Microsoft Visual Studio Solution File, Format Version 12.00
# Visual Studio 15
VisualStudioVersion = 15.0.27703.2000
MinimumVisualStudioVersion = 10.0.40219.1
Project("{9A19103F-16F7-4668-BE54-9A1E7A4F7556}") = "AttributesExtraction", "AttributesExtraction\AttributesExtraction.csproj", "{5AA638DB-143B-4734-9F16-7252BB917464}"
EndProject
Project("{9A19103F-16F7-4668-BE54-9A1E7A4F7556}") = "Core", "Core\Core.csproj", "{BCD16D1D-A813-4FFD-BC1A-EB56C3276BD3}"
EndProject
Project("{FAE04EC0-301F-11D3-BF4B-00C04F79EFBC}") = "ConsoleApp", "ConsoleApp\ConsoleApp.csproj", "{EA3D14D7-D21B-4640-9FB6-8D2327ECA186}"
EndProject
Project("{9A19103F-16F7-4668-BE54-9A1E7A4F7556}") = "Classification", "Classification\Classification.csproj", "{40DF815D-A411-4464-8A96-D8A2A1E3C66D}"
EndProject
Project("{2150E333-8FDC-42A3-9474-1A3956D46DE8}") = "Tests", "Tests", "{89799A7B-D757-4E44-9FAC-53D9703CB88F}"
EndProject
Project("{9A19103F-16F7-4668-BE54-9A1E7A4F7556}") = "Classification.Tests", "Classification.Tests\Classification.Tests.csproj", "{F07F2A3A-6A7E-4A1D-AF9C-98627A26D957}"
EndProject
Project("{9A19103F-16F7-4668-BE54-9A1E7A4F7556}") = "FileSamplesRead", "FileSamplesRead\FileSamplesRead.csproj", "{B5EDD902-24DC-4E3B-8892-9FAA5E422EC6}"
EndProject
Project("{9A19103F-16F7-4668-BE54-9A1E7A4F7556}") = "Statistics", "Statistics\Statistics.csproj", "{8CBE7823-447E-4AD6-ABF0-C3087FFF8FE2}"
EndProject
Project("{9A19103F-16F7-4668-BE54-9A1E7A4F7556}") = "Statistics.Tests", "Statistics.Tests\Statistics.Tests.csproj", "{6E779491-5B9C-4D4B-B6BC-C01E3C51B641}"
EndProject
Project("{2150E333-8FDC-42A3-9474-1A3956D46DE8}") = "Solution Items", "Solution Items", "{03D74769-AB80-45A4-B449-421B2E641E6A}"
	ProjectSection(SolutionItems) = preProject
		TODO.txt = TODO.txt
	EndProjectSection
EndProject
Project("{9A19103F-16F7-4668-BE54-9A1E7A4F7556}") = "DataPreprocessing", "DataPreprocessing\DataPreprocessing.csproj", "{4C8713F8-DE49-479D-9E7F-BB7BBF94E3C8}"
EndProject
Project("{9A19103F-16F7-4668-BE54-9A1E7A4F7556}") = "KeywordsExtraction", "KeywordsExtraction\KeywordsExtraction.csproj", "{F2D89781-2308-47D3-9F80-4E2357EAA9A2}"
EndProject
Project("{FAE04EC0-301F-11D3-BF4B-00C04F79EFBC}") = "ClassificationApp", "ClassificationApp\ClassificationApp.csproj", "{8D15C6D4-9F45-4C70-980C-A6FBF4AAAEF9}"
EndProject
Project("{FAE04EC0-301F-11D3-BF4B-00C04F79EFBC}") = "FileFixer", "FileFixer\FileFixer.csproj", "{A0DD7187-7C5F-4526-BF91-9A0075FF57EA}"
EndProject
Global
	GlobalSection(SolutionConfigurationPlatforms) = preSolution
		Debug|Any CPU = Debug|Any CPU
		Release|Any CPU = Release|Any CPU
	EndGlobalSection
	GlobalSection(ProjectConfigurationPlatforms) = postSolution
		{5AA638DB-143B-4734-9F16-7252BB917464}.Debug|Any CPU.ActiveCfg = Debug|Any CPU
		{5AA638DB-143B-4734-9F16-7252BB917464}.Debug|Any CPU.Build.0 = Debug|Any CPU
		{5AA638DB-143B-4734-9F16-7252BB917464}.Release|Any CPU.ActiveCfg = Release|Any CPU
		{5AA638DB-143B-4734-9F16-7252BB917464}.Release|Any CPU.Build.0 = Release|Any CPU
		{BCD16D1D-A813-4FFD-BC1A-EB56C3276BD3}.Debug|Any CPU.ActiveCfg = Debug|Any CPU
		{BCD16D1D-A813-4FFD-BC1A-EB56C3276BD3}.Debug|Any CPU.Build.0 = Debug|Any CPU
		{BCD16D1D-A813-4FFD-BC1A-EB56C3276BD3}.Release|Any CPU.ActiveCfg = Release|Any CPU
		{BCD16D1D-A813-4FFD-BC1A-EB56C3276BD3}.Release|Any CPU.Build.0 = Release|Any CPU
		{EA3D14D7-D21B-4640-9FB6-8D2327ECA186}.Debug|Any CPU.ActiveCfg = Debug|Any CPU
		{EA3D14D7-D21B-4640-9FB6-8D2327ECA186}.Debug|Any CPU.Build.0 = Debug|Any CPU
		{EA3D14D7-D21B-4640-9FB6-8D2327ECA186}.Release|Any CPU.ActiveCfg = Release|Any CPU
		{EA3D14D7-D21B-4640-9FB6-8D2327ECA186}.Release|Any CPU.Build.0 = Release|Any CPU
		{40DF815D-A411-4464-8A96-D8A2A1E3C66D}.Debug|Any CPU.ActiveCfg = Debug|Any CPU
		{40DF815D-A411-4464-8A96-D8A2A1E3C66D}.Debug|Any CPU.Build.0 = Debug|Any CPU
		{40DF815D-A411-4464-8A96-D8A2A1E3C66D}.Release|Any CPU.ActiveCfg = Release|Any CPU
		{40DF815D-A411-4464-8A96-D8A2A1E3C66D}.Release|Any CPU.Build.0 = Release|Any CPU
		{F07F2A3A-6A7E-4A1D-AF9C-98627A26D957}.Debug|Any CPU.ActiveCfg = Debug|Any CPU
		{F07F2A3A-6A7E-4A1D-AF9C-98627A26D957}.Debug|Any CPU.Build.0 = Debug|Any CPU
		{F07F2A3A-6A7E-4A1D-AF9C-98627A26D957}.Release|Any CPU.ActiveCfg = Release|Any CPU
		{F07F2A3A-6A7E-4A1D-AF9C-98627A26D957}.Release|Any CPU.Build.0 = Release|Any CPU
		{B5EDD902-24DC-4E3B-8892-9FAA5E422EC6}.Debug|Any CPU.ActiveCfg = Debug|Any CPU
		{B5EDD902-24DC-4E3B-8892-9FAA5E422EC6}.Debug|Any CPU.Build.0 = Debug|Any CPU
		{B5EDD902-24DC-4E3B-8892-9FAA5E422EC6}.Release|Any CPU.ActiveCfg = Release|Any CPU
		{B5EDD902-24DC-4E3B-8892-9FAA5E422EC6}.Release|Any CPU.Build.0 = Release|Any CPU
		{8CBE7823-447E-4AD6-ABF0-C3087FFF8FE2}.Debug|Any CPU.ActiveCfg = Debug|Any CPU
		{8CBE7823-447E-4AD6-ABF0-C3087FFF8FE2}.Debug|Any CPU.Build.0 = Debug|Any CPU
		{8CBE7823-447E-4AD6-ABF0-C3087FFF8FE2}.Release|Any CPU.ActiveCfg = Release|Any CPU
		{8CBE7823-447E-4AD6-ABF0-C3087FFF8FE2}.Release|Any CPU.Build.0 = Release|Any CPU
		{6E779491-5B9C-4D4B-B6BC-C01E3C51B641}.Debug|Any CPU.ActiveCfg = Debug|Any CPU
		{6E779491-5B9C-4D4B-B6BC-C01E3C51B641}.Debug|Any CPU.Build.0 = Debug|Any CPU
		{6E779491-5B9C-4D4B-B6BC-C01E3C51B641}.Release|Any CPU.ActiveCfg = Release|Any CPU
		{6E779491-5B9C-4D4B-B6BC-C01E3C51B641}.Release|Any CPU.Build.0 = Release|Any CPU
		{4C8713F8-DE49-479D-9E7F-BB7BBF94E3C8}.Debug|Any CPU.ActiveCfg = Debug|Any CPU
		{4C8713F8-DE49-479D-9E7F-BB7BBF94E3C8}.Debug|Any CPU.Build.0 = Debug|Any CPU
		{4C8713F8-DE49-479D-9E7F-BB7BBF94E3C8}.Release|Any CPU.ActiveCfg = Release|Any CPU
		{4C8713F8-DE49-479D-9E7F-BB7BBF94E3C8}.Release|Any CPU.Build.0 = Release|Any CPU
		{F2D89781-2308-47D3-9F80-4E2357EAA9A2}.Debug|Any CPU.ActiveCfg = Debug|Any CPU
		{F2D89781-2308-47D3-9F80-4E2357EAA9A2}.Debug|Any CPU.Build.0 = Debug|Any CPU
		{F2D89781-2308-47D3-9F80-4E2357EAA9A2}.Release|Any CPU.ActiveCfg = Release|Any CPU
		{F2D89781-2308-47D3-9F80-4E2357EAA9A2}.Release|Any CPU.Build.0 = Release|Any CPU
		{8D15C6D4-9F45-4C70-980C-A6FBF4AAAEF9}.Debug|Any CPU.ActiveCfg = Debug|Any CPU
		{8D15C6D4-9F45-4C70-980C-A6FBF4AAAEF9}.Debug|Any CPU.Build.0 = Debug|Any CPU
		{8D15C6D4-9F45-4C70-980C-A6FBF4AAAEF9}.Release|Any CPU.ActiveCfg = Release|Any CPU
		{8D15C6D4-9F45-4C70-980C-A6FBF4AAAEF9}.Release|Any CPU.Build.0 = Release|Any CPU
		{A0DD7187-7C5F-4526-BF91-9A0075FF57EA}.Debug|Any CPU.ActiveCfg = Debug|Any CPU
		{A0DD7187-7C5F-4526-BF91-9A0075FF57EA}.Debug|Any CPU.Build.0 = Debug|Any CPU
		{A0DD7187-7C5F-4526-BF91-9A0075FF57EA}.Release|Any CPU.ActiveCfg = Release|Any CPU
		{A0DD7187-7C5F-4526-BF91-9A0075FF57EA}.Release|Any CPU.Build.0 = Release|Any CPU
	EndGlobalSection
	GlobalSection(SolutionProperties) = preSolution
		HideSolutionNode = FALSE
	EndGlobalSection
	GlobalSection(NestedProjects) = preSolution
		{F07F2A3A-6A7E-4A1D-AF9C-98627A26D957} = {89799A7B-D757-4E44-9FAC-53D9703CB88F}
		{6E779491-5B9C-4D4B-B6BC-C01E3C51B641} = {89799A7B-D757-4E44-9FAC-53D9703CB88F}
	EndGlobalSection
	GlobalSection(ExtensibilityGlobals) = postSolution
		SolutionGuid = {BF120C72-D9EF-4525-8AD4-E124781E4FCE}
	EndGlobalSection
EndGlobal
